// !$*UTF8*$!
{
	archiveVersion = 1;
	classes = {
	};
	objectVersion = 56;
	objects = {

/* Begin PBXBuildFile section */
		3C144B6829B3747A004DFFE6 /* AppDelegate.swift in Sources */ = {isa = PBXBuildFile; fileRef = 3C144B6729B3747A004DFFE6 /* AppDelegate.swift */; };
		3C144B6A29B3747A004DFFE6 /* SceneDelegate.swift in Sources */ = {isa = PBXBuildFile; fileRef = 3C144B6929B3747A004DFFE6 /* SceneDelegate.swift */; };
		3C144B6C29B3747A004DFFE6 /* HabitsViewController.swift in Sources */ = {isa = PBXBuildFile; fileRef = 3C144B6B29B3747A004DFFE6 /* HabitsViewController.swift */; };
		3C144B7129B3747B004DFFE6 /* Assets.xcassets in Resources */ = {isa = PBXBuildFile; fileRef = 3C144B7029B3747B004DFFE6 /* Assets.xcassets */; };
		3C144B7429B3747B004DFFE6 /* LaunchScreen.storyboard in Resources */ = {isa = PBXBuildFile; fileRef = 3C144B7229B3747B004DFFE6 /* LaunchScreen.storyboard */; };
		3C144B7C29B379EE004DFFE6 /* HabitsStore.swift in Sources */ = {isa = PBXBuildFile; fileRef = 3C144B7B29B379EE004DFFE6 /* HabitsStore.swift */; };
		3C144B7E29B38329004DFFE6 /* InfoViewController.swift in Sources */ = {isa = PBXBuildFile; fileRef = 3C144B7D29B38329004DFFE6 /* InfoViewController.swift */; };
		3C144B8029B383FC004DFFE6 /* MainTabBarViewController.swift in Sources */ = {isa = PBXBuildFile; fileRef = 3C144B7F29B383FC004DFFE6 /* MainTabBarViewController.swift */; };
		3C144B8329B38F3E004DFFE6 /* UIColor+Extension.swift in Sources */ = {isa = PBXBuildFile; fileRef = 3C144B8229B38F3E004DFFE6 /* UIColor+Extension.swift */; };
		3C144B8629B38FF8004DFFE6 /* AppColors.swift in Sources */ = {isa = PBXBuildFile; fileRef = 3C144B8529B38FF8004DFFE6 /* AppColors.swift */; };
		3C144B8929B3B1ED004DFFE6 /* InfoView.swift in Sources */ = {isa = PBXBuildFile; fileRef = 3C144B8829B3B1ED004DFFE6 /* InfoView.swift */; };
		3C144B8B29B3B32D004DFFE6 /* HabitsView.swift in Sources */ = {isa = PBXBuildFile; fileRef = 3C144B8A29B3B32D004DFFE6 /* HabitsView.swift */; };
		3C144B8E29B3B7F8004DFFE6 /* InfoViewText.swift in Sources */ = {isa = PBXBuildFile; fileRef = 3C144B8D29B3B7F8004DFFE6 /* InfoViewText.swift */; };
		3C144B9129B3BADE004DFFE6 /* Metric.swift in Sources */ = {isa = PBXBuildFile; fileRef = 3C144B9029B3BADE004DFFE6 /* Metric.swift */; };
		3C144B9429B4A4F4004DFFE6 /* HabitViewController.swift in Sources */ = {isa = PBXBuildFile; fileRef = 3C144B9329B4A4F4004DFFE6 /* HabitViewController.swift */; };
		3C144B9629B4A512004DFFE6 /* HabitView.swift in Sources */ = {isa = PBXBuildFile; fileRef = 3C144B9529B4A512004DFFE6 /* HabitView.swift */; };
		3C144B9929B4BCF6004DFFE6 /* UITextField+Extension.swift in Sources */ = {isa = PBXBuildFile; fileRef = 3C144B9829B4BCF6004DFFE6 /* UITextField+Extension.swift */; };
		3C144B9B29BCFB90004DFFE6 /* AppFonts.swift in Sources */ = {isa = PBXBuildFile; fileRef = 3C144B9A29BCFB90004DFFE6 /* AppFonts.swift */; };
		3C144B9F29BDE6C1004DFFE6 /* UIView+Extension.swift in Sources */ = {isa = PBXBuildFile; fileRef = 3C144B9E29BDE6C1004DFFE6 /* UIView+Extension.swift */; };
		3C144BA129BDE7BA004DFFE6 /* HabitsCollectionViewCell.swift in Sources */ = {isa = PBXBuildFile; fileRef = 3C144BA029BDE7BA004DFFE6 /* HabitsCollectionViewCell.swift */; };
		3C144BA429BE1588004DFFE6 /* HabitsCollectionViewHeader.swift in Sources */ = {isa = PBXBuildFile; fileRef = 3C144BA329BE1588004DFFE6 /* HabitsCollectionViewHeader.swift */; };
/* End PBXBuildFile section */

/* Begin PBXFileReference section */
		3C144B6429B3747A004DFFE6 /* MyHabits.app */ = {isa = PBXFileReference; explicitFileType = wrapper.application; includeInIndex = 0; path = MyHabits.app; sourceTree = BUILT_PRODUCTS_DIR; };
		3C144B6729B3747A004DFFE6 /* AppDelegate.swift */ = {isa = PBXFileReference; lastKnownFileType = sourcecode.swift; path = AppDelegate.swift; sourceTree = "<group>"; };
		3C144B6929B3747A004DFFE6 /* SceneDelegate.swift */ = {isa = PBXFileReference; lastKnownFileType = sourcecode.swift; path = SceneDelegate.swift; sourceTree = "<group>"; };
		3C144B6B29B3747A004DFFE6 /* HabitsViewController.swift */ = {isa = PBXFileReference; lastKnownFileType = sourcecode.swift; path = HabitsViewController.swift; sourceTree = "<group>"; };
		3C144B7029B3747B004DFFE6 /* Assets.xcassets */ = {isa = PBXFileReference; lastKnownFileType = folder.assetcatalog; path = Assets.xcassets; sourceTree = "<group>"; };
		3C144B7329B3747B004DFFE6 /* Base */ = {isa = PBXFileReference; lastKnownFileType = file.storyboard; name = Base; path = Base.lproj/LaunchScreen.storyboard; sourceTree = "<group>"; };
		3C144B7529B3747B004DFFE6 /* Info.plist */ = {isa = PBXFileReference; lastKnownFileType = text.plist.xml; path = Info.plist; sourceTree = "<group>"; };
		3C144B7B29B379EE004DFFE6 /* HabitsStore.swift */ = {isa = PBXFileReference; lastKnownFileType = sourcecode.swift; path = HabitsStore.swift; sourceTree = "<group>"; };
		3C144B7D29B38329004DFFE6 /* InfoViewController.swift */ = {isa = PBXFileReference; lastKnownFileType = sourcecode.swift; path = InfoViewController.swift; sourceTree = "<group>"; };
		3C144B7F29B383FC004DFFE6 /* MainTabBarViewController.swift */ = {isa = PBXFileReference; lastKnownFileType = sourcecode.swift; path = MainTabBarViewController.swift; sourceTree = "<group>"; };
		3C144B8229B38F3E004DFFE6 /* UIColor+Extension.swift */ = {isa = PBXFileReference; lastKnownFileType = sourcecode.swift; path = "UIColor+Extension.swift"; sourceTree = "<group>"; };
		3C144B8529B38FF8004DFFE6 /* AppColors.swift */ = {isa = PBXFileReference; lastKnownFileType = sourcecode.swift; path = AppColors.swift; sourceTree = "<group>"; };
		3C144B8829B3B1ED004DFFE6 /* InfoView.swift */ = {isa = PBXFileReference; lastKnownFileType = sourcecode.swift; path = InfoView.swift; sourceTree = "<group>"; };
		3C144B8A29B3B32D004DFFE6 /* HabitsView.swift */ = {isa = PBXFileReference; lastKnownFileType = sourcecode.swift; path = HabitsView.swift; sourceTree = "<group>"; };
		3C144B8D29B3B7F8004DFFE6 /* InfoViewText.swift */ = {isa = PBXFileReference; lastKnownFileType = sourcecode.swift; path = InfoViewText.swift; sourceTree = "<group>"; };
		3C144B9029B3BADE004DFFE6 /* Metric.swift */ = {isa = PBXFileReference; lastKnownFileType = sourcecode.swift; path = Metric.swift; sourceTree = "<group>"; };
		3C144B9329B4A4F4004DFFE6 /* HabitViewController.swift */ = {isa = PBXFileReference; lastKnownFileType = sourcecode.swift; path = HabitViewController.swift; sourceTree = "<group>"; };
		3C144B9529B4A512004DFFE6 /* HabitView.swift */ = {isa = PBXFileReference; lastKnownFileType = sourcecode.swift; path = HabitView.swift; sourceTree = "<group>"; };
		3C144B9829B4BCF6004DFFE6 /* UITextField+Extension.swift */ = {isa = PBXFileReference; lastKnownFileType = sourcecode.swift; path = "UITextField+Extension.swift"; sourceTree = "<group>"; };
		3C144B9A29BCFB90004DFFE6 /* AppFonts.swift */ = {isa = PBXFileReference; lastKnownFileType = sourcecode.swift; path = AppFonts.swift; sourceTree = "<group>"; };
		3C144B9E29BDE6C1004DFFE6 /* UIView+Extension.swift */ = {isa = PBXFileReference; lastKnownFileType = sourcecode.swift; path = "UIView+Extension.swift"; sourceTree = "<group>"; };
		3C144BA029BDE7BA004DFFE6 /* HabitsCollectionViewCell.swift */ = {isa = PBXFileReference; lastKnownFileType = sourcecode.swift; path = HabitsCollectionViewCell.swift; sourceTree = "<group>"; };
		3C144BA329BE1588004DFFE6 /* HabitsCollectionViewHeader.swift */ = {isa = PBXFileReference; lastKnownFileType = sourcecode.swift; path = HabitsCollectionViewHeader.swift; sourceTree = "<group>"; };
/* End PBXFileReference section */

/* Begin PBXFrameworksBuildPhase section */
		3C144B6129B3747A004DFFE6 /* Frameworks */ = {
			isa = PBXFrameworksBuildPhase;
			buildActionMask = 2147483647;
			files = (
			);
			runOnlyForDeploymentPostprocessing = 0;
		};
/* End PBXFrameworksBuildPhase section */

/* Begin PBXGroup section */
		3C144B5B29B3747A004DFFE6 = {
			isa = PBXGroup;
			children = (
				3C144B6629B3747A004DFFE6 /* MyHabits */,
				3C144B6529B3747A004DFFE6 /* Products */,
			);
			sourceTree = "<group>";
		};
		3C144B6529B3747A004DFFE6 /* Products */ = {
			isa = PBXGroup;
			children = (
				3C144B6429B3747A004DFFE6 /* MyHabits.app */,
			);
			name = Products;
			sourceTree = "<group>";
		};
		3C144B6629B3747A004DFFE6 /* MyHabits */ = {
			isa = PBXGroup;
			children = (
				3C144B8429B38F45004DFFE6 /* Extensions */,
				3C144B7B29B379EE004DFFE6 /* HabitsStore.swift */,
				3C144B9229B3BAF6004DFFE6 /* Metrics */,
				3C144B8F29B3B90D004DFFE6 /* Models */,
				3C144B8C29B3B333004DFFE6 /* Habits */,
				3C144B9729B4A519004DFFE6 /* Habit */,
				3C144B8729B3B14C004DFFE6 /* Info */,
				3C144B8129B3843D004DFFE6 /* AppSettings */,
				3C144B7529B3747B004DFFE6 /* Info.plist */,
				3C144B7029B3747B004DFFE6 /* Assets.xcassets */,
				3C144B7229B3747B004DFFE6 /* LaunchScreen.storyboard */,
			);
			path = MyHabits;
			sourceTree = "<group>";
		};
		3C144B8129B3843D004DFFE6 /* AppSettings */ = {
			isa = PBXGroup;
			children = (
				3C144B8529B38FF8004DFFE6 /* AppColors.swift */,
				3C144B9A29BCFB90004DFFE6 /* AppFonts.swift */,
				3C144B7F29B383FC004DFFE6 /* MainTabBarViewController.swift */,
				3C144B6729B3747A004DFFE6 /* AppDelegate.swift */,
				3C144B6929B3747A004DFFE6 /* SceneDelegate.swift */,
			);
			path = AppSettings;
			sourceTree = "<group>";
		};
		3C144B8429B38F45004DFFE6 /* Extensions */ = {
			isa = PBXGroup;
			children = (
				3C144B8229B38F3E004DFFE6 /* UIColor+Extension.swift */,
				3C144B9829B4BCF6004DFFE6 /* UITextField+Extension.swift */,
				3C144B9E29BDE6C1004DFFE6 /* UIView+Extension.swift */,
			);
			path = Extensions;
			sourceTree = "<group>";
		};
		3C144B8729B3B14C004DFFE6 /* Info */ = {
			isa = PBXGroup;
			children = (
				3C144B7D29B38329004DFFE6 /* InfoViewController.swift */,
				3C144B8829B3B1ED004DFFE6 /* InfoView.swift */,
			);
			path = Info;
			sourceTree = "<group>";
		};
		3C144B8C29B3B333004DFFE6 /* Habits */ = {
			isa = PBXGroup;
			children = (
				3C144B6B29B3747A004DFFE6 /* HabitsViewController.swift */,
				3C144B8A29B3B32D004DFFE6 /* HabitsView.swift */,
				3C144BA229BE1537004DFFE6 /* HabitsCollectionView */,
			);
			path = Habits;
			sourceTree = "<group>";
		};
		3C144B8F29B3B90D004DFFE6 /* Models */ = {
			isa = PBXGroup;
			children = (
				3C144B8D29B3B7F8004DFFE6 /* InfoViewText.swift */,
			);
			path = Models;
			sourceTree = "<group>";
		};
		3C144B9229B3BAF6004DFFE6 /* Metrics */ = {
			isa = PBXGroup;
			children = (
				3C144B9029B3BADE004DFFE6 /* Metric.swift */,
			);
			path = Metrics;
			sourceTree = "<group>";
		};
		3C144B9729B4A519004DFFE6 /* Habit */ = {
			isa = PBXGroup;
			children = (
				3C144B9329B4A4F4004DFFE6 /* HabitViewController.swift */,
				3C144B9529B4A512004DFFE6 /* HabitView.swift */,
			);
			path = Habit;
			sourceTree = "<group>";
		};
		3C144BA229BE1537004DFFE6 /* HabitsCollectionView */ = {
			isa = PBXGroup;
			children = (
				3C144BA029BDE7BA004DFFE6 /* HabitsCollectionViewCell.swift */,
				3C144BA329BE1588004DFFE6 /* HabitsCollectionViewHeader.swift */,
			);
			path = HabitsCollectionView;
			sourceTree = "<group>";
		};
/* End PBXGroup section */

/* Begin PBXNativeTarget section */
		3C144B6329B3747A004DFFE6 /* MyHabits */ = {
			isa = PBXNativeTarget;
			buildConfigurationList = 3C144B7829B3747B004DFFE6 /* Build configuration list for PBXNativeTarget "MyHabits" */;
			buildPhases = (
				3C144B6029B3747A004DFFE6 /* Sources */,
				3C144B6129B3747A004DFFE6 /* Frameworks */,
				3C144B6229B3747A004DFFE6 /* Resources */,
			);
			buildRules = (
			);
			dependencies = (
			);
			name = MyHabits;
			productName = MyHabits;
			productReference = 3C144B6429B3747A004DFFE6 /* MyHabits.app */;
			productType = "com.apple.product-type.application";
		};
/* End PBXNativeTarget section */

/* Begin PBXProject section */
		3C144B5C29B3747A004DFFE6 /* Project object */ = {
			isa = PBXProject;
			attributes = {
				BuildIndependentTargetsInParallel = 1;
				LastSwiftUpdateCheck = 1420;
				LastUpgradeCheck = 1420;
				TargetAttributes = {
					3C144B6329B3747A004DFFE6 = {
						CreatedOnToolsVersion = 14.2;
					};
				};
			};
			buildConfigurationList = 3C144B5F29B3747A004DFFE6 /* Build configuration list for PBXProject "MyHabits" */;
			compatibilityVersion = "Xcode 14.0";
			developmentRegion = en;
			hasScannedForEncodings = 0;
			knownRegions = (
				en,
				Base,
			);
			mainGroup = 3C144B5B29B3747A004DFFE6;
			productRefGroup = 3C144B6529B3747A004DFFE6 /* Products */;
			projectDirPath = "";
			projectRoot = "";
			targets = (
				3C144B6329B3747A004DFFE6 /* MyHabits */,
			);
		};
/* End PBXProject section */

/* Begin PBXResourcesBuildPhase section */
		3C144B6229B3747A004DFFE6 /* Resources */ = {
			isa = PBXResourcesBuildPhase;
			buildActionMask = 2147483647;
			files = (
				3C144B7429B3747B004DFFE6 /* LaunchScreen.storyboard in Resources */,
				3C144B7129B3747B004DFFE6 /* Assets.xcassets in Resources */,
			);
			runOnlyForDeploymentPostprocessing = 0;
		};
/* End PBXResourcesBuildPhase section */

/* Begin PBXSourcesBuildPhase section */
		3C144B6029B3747A004DFFE6 /* Sources */ = {
			isa = PBXSourcesBuildPhase;
			buildActionMask = 2147483647;
			files = (
				3C144B9929B4BCF6004DFFE6 /* UITextField+Extension.swift in Sources */,
				3C144B8329B38F3E004DFFE6 /* UIColor+Extension.swift in Sources */,
				3C144B7C29B379EE004DFFE6 /* HabitsStore.swift in Sources */,
				3C144B6C29B3747A004DFFE6 /* HabitsViewController.swift in Sources */,
				3C144B9B29BCFB90004DFFE6 /* AppFonts.swift in Sources */,
				3C144B9129B3BADE004DFFE6 /* Metric.swift in Sources */,
				3C144B8B29B3B32D004DFFE6 /* HabitsView.swift in Sources */,
				3C144B6829B3747A004DFFE6 /* AppDelegate.swift in Sources */,
				3C144BA429BE1588004DFFE6 /* HabitsCollectionViewHeader.swift in Sources */,
				3C144BA129BDE7BA004DFFE6 /* HabitsCollectionViewCell.swift in Sources */,
				3C144B9429B4A4F4004DFFE6 /* HabitViewController.swift in Sources */,
				3C144B8029B383FC004DFFE6 /* MainTabBarViewController.swift in Sources */,
				3C144B8629B38FF8004DFFE6 /* AppColors.swift in Sources */,
				3C144B9F29BDE6C1004DFFE6 /* UIView+Extension.swift in Sources */,
				3C144B6A29B3747A004DFFE6 /* SceneDelegate.swift in Sources */,
				3C144B8E29B3B7F8004DFFE6 /* InfoViewText.swift in Sources */,
				3C144B9629B4A512004DFFE6 /* HabitView.swift in Sources */,
				3C144B8929B3B1ED004DFFE6 /* InfoView.swift in Sources */,
				3C144B7E29B38329004DFFE6 /* InfoViewController.swift in Sources */,
			);
			runOnlyForDeploymentPostprocessing = 0;
		};
/* End PBXSourcesBuildPhase section */

/* Begin PBXVariantGroup section */
		3C144B7229B3747B004DFFE6 /* LaunchScreen.storyboard */ = {
			isa = PBXVariantGroup;
			children = (
				3C144B7329B3747B004DFFE6 /* Base */,
			);
			name = LaunchScreen.storyboard;
			sourceTree = "<group>";
		};
/* End PBXVariantGroup section */

/* Begin XCBuildConfiguration section */
		3C144B7629B3747B004DFFE6 /* Debug */ = {
			isa = XCBuildConfiguration;
			buildSettings = {
				ALWAYS_SEARCH_USER_PATHS = NO;
				CLANG_ANALYZER_NONNULL = YES;
				CLANG_ANALYZER_NUMBER_OBJECT_CONVERSION = YES_AGGRESSIVE;
				CLANG_CXX_LANGUAGE_STANDARD = "gnu++20";
				CLANG_ENABLE_MODULES = YES;
				CLANG_ENABLE_OBJC_ARC = YES;
				CLANG_ENABLE_OBJC_WEAK = YES;
				CLANG_WARN_BLOCK_CAPTURE_AUTORELEASING = YES;
				CLANG_WARN_BOOL_CONVERSION = YES;
				CLANG_WARN_COMMA = YES;
				CLANG_WARN_CONSTANT_CONVERSION = YES;
				CLANG_WARN_DEPRECATED_OBJC_IMPLEMENTATIONS = YES;
				CLANG_WARN_DIRECT_OBJC_ISA_USAGE = YES_ERROR;
				CLANG_WARN_DOCUMENTATION_COMMENTS = YES;
				CLANG_WARN_EMPTY_BODY = YES;
				CLANG_WARN_ENUM_CONVERSION = YES;
				CLANG_WARN_INFINITE_RECURSION = YES;
				CLANG_WARN_INT_CONVERSION = YES;
				CLANG_WARN_NON_LITERAL_NULL_CONVERSION = YES;
				CLANG_WARN_OBJC_IMPLICIT_RETAIN_SELF = YES;
				CLANG_WARN_OBJC_LITERAL_CONVERSION = YES;
				CLANG_WARN_OBJC_ROOT_CLASS = YES_ERROR;
				CLANG_WARN_QUOTED_INCLUDE_IN_FRAMEWORK_HEADER = YES;
				CLANG_WARN_RANGE_LOOP_ANALYSIS = YES;
				CLANG_WARN_STRICT_PROTOTYPES = YES;
				CLANG_WARN_SUSPICIOUS_MOVE = YES;
				CLANG_WARN_UNGUARDED_AVAILABILITY = YES_AGGRESSIVE;
				CLANG_WARN_UNREACHABLE_CODE = YES;
				CLANG_WARN__DUPLICATE_METHOD_MATCH = YES;
				COPY_PHASE_STRIP = NO;
				DEBUG_INFORMATION_FORMAT = dwarf;
				ENABLE_STRICT_OBJC_MSGSEND = YES;
				ENABLE_TESTABILITY = YES;
				GCC_C_LANGUAGE_STANDARD = gnu11;
				GCC_DYNAMIC_NO_PIC = NO;
				GCC_NO_COMMON_BLOCKS = YES;
				GCC_OPTIMIZATION_LEVEL = 0;
				GCC_PREPROCESSOR_DEFINITIONS = (
					"DEBUG=1",
					"$(inherited)",
				);
				GCC_WARN_64_TO_32_BIT_CONVERSION = YES;
				GCC_WARN_ABOUT_RETURN_TYPE = YES_ERROR;
				GCC_WARN_UNDECLARED_SELECTOR = YES;
				GCC_WARN_UNINITIALIZED_AUTOS = YES_AGGRESSIVE;
				GCC_WARN_UNUSED_FUNCTION = YES;
				GCC_WARN_UNUSED_VARIABLE = YES;
				IPHONEOS_DEPLOYMENT_TARGET = 16.2;
				MTL_ENABLE_DEBUG_INFO = INCLUDE_SOURCE;
				MTL_FAST_MATH = YES;
				ONLY_ACTIVE_ARCH = YES;
				SDKROOT = iphoneos;
				SWIFT_ACTIVE_COMPILATION_CONDITIONS = DEBUG;
				SWIFT_OPTIMIZATION_LEVEL = "-Onone";
			};
			name = Debug;
		};
		3C144B7729B3747B004DFFE6 /* Release */ = {
			isa = XCBuildConfiguration;
			buildSettings = {
				ALWAYS_SEARCH_USER_PATHS = NO;
				CLANG_ANALYZER_NONNULL = YES;
				CLANG_ANALYZER_NUMBER_OBJECT_CONVERSION = YES_AGGRESSIVE;
				CLANG_CXX_LANGUAGE_STANDARD = "gnu++20";
				CLANG_ENABLE_MODULES = YES;
				CLANG_ENABLE_OBJC_ARC = YES;
				CLANG_ENABLE_OBJC_WEAK = YES;
				CLANG_WARN_BLOCK_CAPTURE_AUTORELEASING = YES;
				CLANG_WARN_BOOL_CONVERSION = YES;
				CLANG_WARN_COMMA = YES;
				CLANG_WARN_CONSTANT_CONVERSION = YES;
				CLANG_WARN_DEPRECATED_OBJC_IMPLEMENTATIONS = YES;
				CLANG_WARN_DIRECT_OBJC_ISA_USAGE = YES_ERROR;
				CLANG_WARN_DOCUMENTATION_COMMENTS = YES;
				CLANG_WARN_EMPTY_BODY = YES;
				CLANG_WARN_ENUM_CONVERSION = YES;
				CLANG_WARN_INFINITE_RECURSION = YES;
				CLANG_WARN_INT_CONVERSION = YES;
				CLANG_WARN_NON_LITERAL_NULL_CONVERSION = YES;
				CLANG_WARN_OBJC_IMPLICIT_RETAIN_SELF = YES;
				CLANG_WARN_OBJC_LITERAL_CONVERSION = YES;
				CLANG_WARN_OBJC_ROOT_CLASS = YES_ERROR;
				CLANG_WARN_QUOTED_INCLUDE_IN_FRAMEWORK_HEADER = YES;
				CLANG_WARN_RANGE_LOOP_ANALYSIS = YES;
				CLANG_WARN_STRICT_PROTOTYPES = YES;
				CLANG_WARN_SUSPICIOUS_MOVE = YES;
				CLANG_WARN_UNGUARDED_AVAILABILITY = YES_AGGRESSIVE;
				CLANG_WARN_UNREACHABLE_CODE = YES;
				CLANG_WARN__DUPLICATE_METHOD_MATCH = YES;
				COPY_PHASE_STRIP = NO;
				DEBUG_INFORMATION_FORMAT = "dwarf-with-dsym";
				ENABLE_NS_ASSERTIONS = NO;
				ENABLE_STRICT_OBJC_MSGSEND = YES;
				GCC_C_LANGUAGE_STANDARD = gnu11;
				GCC_NO_COMMON_BLOCKS = YES;
				GCC_WARN_64_TO_32_BIT_CONVERSION = YES;
				GCC_WARN_ABOUT_RETURN_TYPE = YES_ERROR;
				GCC_WARN_UNDECLARED_SELECTOR = YES;
				GCC_WARN_UNINITIALIZED_AUTOS = YES_AGGRESSIVE;
				GCC_WARN_UNUSED_FUNCTION = YES;
				GCC_WARN_UNUSED_VARIABLE = YES;
				IPHONEOS_DEPLOYMENT_TARGET = 16.2;
				MTL_ENABLE_DEBUG_INFO = NO;
				MTL_FAST_MATH = YES;
				SDKROOT = iphoneos;
				SWIFT_COMPILATION_MODE = wholemodule;
				SWIFT_OPTIMIZATION_LEVEL = "-O";
				VALIDATE_PRODUCT = YES;
			};
			name = Release;
		};
		3C144B7929B3747B004DFFE6 /* Debug */ = {
			isa = XCBuildConfiguration;
			buildSettings = {
				ASSETCATALOG_COMPILER_APPICON_NAME = AppIcon;
				ASSETCATALOG_COMPILER_GLOBAL_ACCENT_COLOR_NAME = AccentColor;
				CODE_SIGN_STYLE = Automatic;
				CURRENT_PROJECT_VERSION = 1;
				GENERATE_INFOPLIST_FILE = YES;
				INFOPLIST_FILE = MyHabits/Info.plist;
				INFOPLIST_KEY_UIApplicationSupportsIndirectInputEvents = YES;
				INFOPLIST_KEY_UILaunchStoryboardName = LaunchScreen;
				INFOPLIST_KEY_UISupportedInterfaceOrientations_iPad = "UIInterfaceOrientationPortrait UIInterfaceOrientationPortraitUpsideDown UIInterfaceOrientationLandscapeLeft UIInterfaceOrientationLandscapeRight";
				INFOPLIST_KEY_UISupportedInterfaceOrientations_iPhone = "UIInterfaceOrientationPortrait UIInterfaceOrientationLandscapeLeft UIInterfaceOrientationLandscapeRight";
				LD_RUNPATH_SEARCH_PATHS = (
					"$(inherited)",
					"@executable_path/Frameworks",
				);
				MARKETING_VERSION = 1.0;
				PRODUCT_BUNDLE_IDENTIFIER = "Netology-education.MyHabits";
				PRODUCT_NAME = "$(TARGET_NAME)";
				SUPPORTED_PLATFORMS = "iphoneos iphonesimulator";
				SUPPORTS_MACCATALYST = NO;
				SUPPORTS_MAC_DESIGNED_FOR_IPHONE_IPAD = YES;
				SWIFT_EMIT_LOC_STRINGS = YES;
				SWIFT_VERSION = 5.0;
				TARGETED_DEVICE_FAMILY = "1,2";
			};
			name = Debug;
		};
		3C144B7A29B3747B004DFFE6 /* Release */ = {
			isa = XCBuildConfiguration;
			buildSettings = {
				ASSETCATALOG_COMPILER_APPICON_NAME = AppIcon;
				ASSETCATALOG_COMPILER_GLOBAL_ACCENT_COLOR_NAME = AccentColor;
				CODE_SIGN_STYLE = Automatic;
				CURRENT_PROJECT_VERSION = 1;
				GENERATE_INFOPLIST_FILE = YES;
				INFOPLIST_FILE = MyHabits/Info.plist;
				INFOPLIST_KEY_UIApplicationSupportsIndirectInputEvents = YES;
				INFOPLIST_KEY_UILaunchStoryboardName = LaunchScreen;
				INFOPLIST_KEY_UISupportedInterfaceOrientations_iPad = "UIInterfaceOrientationPortrait UIInterfaceOrientationPortraitUpsideDown UIInterfaceOrientationLandscapeLeft UIInterfaceOrientationLandscapeRight";
				INFOPLIST_KEY_UISupportedInterfaceOrientations_iPhone = "UIInterfaceOrientationPortrait UIInterfaceOrientationLandscapeLeft UIInterfaceOrientationLandscapeRight";
				LD_RUNPATH_SEARCH_PATHS = (
					"$(inherited)",
					"@executable_path/Frameworks",
				);
				MARKETING_VERSION = 1.0;
				PRODUCT_BUNDLE_IDENTIFIER = "Netology-education.MyHabits";
				PRODUCT_NAME = "$(TARGET_NAME)";
				SUPPORTED_PLATFORMS = "iphoneos iphonesimulator";
				SUPPORTS_MACCATALYST = NO;
				SUPPORTS_MAC_DESIGNED_FOR_IPHONE_IPAD = YES;
				SWIFT_EMIT_LOC_STRINGS = YES;
				SWIFT_VERSION = 5.0;
				TARGETED_DEVICE_FAMILY = "1,2";
			};
			name = Release;
		};
/* End XCBuildConfiguration section */

/* Begin XCConfigurationList section */
		3C144B5F29B3747A004DFFE6 /* Build configuration list for PBXProject "MyHabits" */ = {
			isa = XCConfigurationList;
			buildConfigurations = (
				3C144B7629B3747B004DFFE6 /* Debug */,
				3C144B7729B3747B004DFFE6 /* Release */,
			);
			defaultConfigurationIsVisible = 0;
			defaultConfigurationName = Release;
		};
		3C144B7829B3747B004DFFE6 /* Build configuration list for PBXNativeTarget "MyHabits" */ = {
			isa = XCConfigurationList;
			buildConfigurations = (
				3C144B7929B3747B004DFFE6 /* Debug */,
				3C144B7A29B3747B004DFFE6 /* Release */,
			);
			defaultConfigurationIsVisible = 0;
			defaultConfigurationName = Release;
		};
/* End XCConfigurationList section */
	};
	rootObject = 3C144B5C29B3747A004DFFE6 /* Project object */;
}
